
Microsoft Visual Studio Solution File, Format Version 12.00
# Visual Studio Version 17
VisualStudioVersion = 17.3.32929.385
MinimumVisualStudioVersion = 10.0.40219.1
Project("{9A19103F-16F7-4668-BE54-9A1E7A4F7556}") = "BlazorFullStackCrud.Server", "BlazorFullStackCrud\Server\BlazorFullStackCrud.Server.csproj", "{00F6C717-7673-464C-A5B6-1071040C5CB7}"
EndProject
Project("{9A19103F-16F7-4668-BE54-9A1E7A4F7556}") = "BlazorFullStackCrud.Client", "BlazorFullStackCrud\Client\BlazorFullStackCrud.Client.csproj", "{955D1CB2-F31C-490F-90F7-31A2C79A18E1}"
EndProject
Project("{9A19103F-16F7-4668-BE54-9A1E7A4F7556}") = "BlazorFullStackCrud.Shared", "BlazorFullStackCrud\Shared\BlazorFullStackCrud.Shared.csproj", "{7E716784-C903-459B-B899-659B5978C2D0}"
EndProject
Global
	GlobalSection(SolutionConfigurationPlatforms) = preSolution
		Debug|Any CPU = Debug|Any CPU
		Release|Any CPU = Release|Any CPU
	EndGlobalSection
	GlobalSection(ProjectConfigurationPlatforms) = postSolution
		{00F6C717-7673-464C-A5B6-1071040C5CB7}.Debug|Any CPU.ActiveCfg = Debug|Any CPU
		{00F6C717-7673-464C-A5B6-1071040C5CB7}.Debug|Any CPU.Build.0 = Debug|Any CPU
		{00F6C717-7673-464C-A5B6-1071040C5CB7}.Release|Any CPU.ActiveCfg = Release|Any CPU
		{00F6C717-7673-464C-A5B6-1071040C5CB7}.Release|Any CPU.Build.0 = Release|Any CPU
		{955D1CB2-F31C-490F-90F7-31A2C79A18E1}.Debug|Any CPU.ActiveCfg = Debug|Any CPU
		{955D1CB2-F31C-490F-90F7-31A2C79A18E1}.Debug|Any CPU.Build.0 = Debug|Any CPU
		{955D1CB2-F31C-490F-90F7-31A2C79A18E1}.Release|Any CPU.ActiveCfg = Release|Any CPU
		{955D1CB2-F31C-490F-90F7-31A2C79A18E1}.Release|Any CPU.Build.0 = Release|Any CPU
		{7E716784-C903-459B-B899-659B5978C2D0}.Debug|Any CPU.ActiveCfg = Debug|Any CPU
		{7E716784-C903-459B-B899-659B5978C2D0}.Debug|Any CPU.Build.0 = Debug|Any CPU
		{7E716784-C903-459B-B899-659B5978C2D0}.Release|Any CPU.ActiveCfg = Release|Any CPU
		{7E716784-C903-459B-B899-659B5978C2D0}.Release|Any CPU.Build.0 = Release|Any CPU
	EndGlobalSection
	GlobalSection(SolutionProperties) = preSolution
		HideSolutionNode = FALSE
	EndGlobalSection
	GlobalSection(ExtensibilityGlobals) = postSolution
		SolutionGuid = {272B27F5-2F0D-44BA-9FB6-1256323D3417}
	EndGlobalSection
EndGlobal
